
Microsoft Visual Studio Solution File, Format Version 12.00
# Visual Studio Version 17
VisualStudioVersion = 17.12.35521.163
MinimumVisualStudioVersion = 10.0.40219.1
Project("{9A19103F-16F7-4668-BE54-9A1E7A4F7556}") = "SchoolDiarySystem.Domain", "SchoolDiarySystem\SchoolDiarySystem.Domain.csproj", "{05B5CCA1-B58F-4624-B085-9DD35AAFC43A}"
EndProject
Project("{9A19103F-16F7-4668-BE54-9A1E7A4F7556}") = "SchoolDiarySystem.Tests", "SchoolDiarySystem.Tests\SchoolDiarySystem.Tests.csproj", "{1C60A1AC-ACEA-4083-8648-5ABACD50FB6A}"
	ProjectSection(ProjectDependencies) = postProject
		{05B5CCA1-B58F-4624-B085-9DD35AAFC43A} = {05B5CCA1-B58F-4624-B085-9DD35AAFC43A}
	EndProjectSection
EndProject
Project("{9A19103F-16F7-4668-BE54-9A1E7A4F7556}") = "SchoolDiarySystem.Api", "SchoolDiarySystem.Api\SchoolDiarySystem.Api.csproj", "{D296CCA2-8F0D-491E-9C49-E2517287847B}"
EndProject
Project("{9A19103F-16F7-4668-BE54-9A1E7A4F7556}") = "SchoolDiarySystem.WebClient", "SchoolDiarySystem.WebClient\SchoolDiarySystem.WebClient.csproj", "{9241E1C9-5BF8-48D2-BA63-B3C324AC8DA5}"
EndProject
Global
	GlobalSection(SolutionConfigurationPlatforms) = preSolution
		Debug|Any CPU = Debug|Any CPU
		Release|Any CPU = Release|Any CPU
	EndGlobalSection
	GlobalSection(ProjectConfigurationPlatforms) = postSolution
		{05B5CCA1-B58F-4624-B085-9DD35AAFC43A}.Debug|Any CPU.ActiveCfg = Debug|Any CPU
		{05B5CCA1-B58F-4624-B085-9DD35AAFC43A}.Debug|Any CPU.Build.0 = Debug|Any CPU
		{05B5CCA1-B58F-4624-B085-9DD35AAFC43A}.Release|Any CPU.ActiveCfg = Release|Any CPU
		{05B5CCA1-B58F-4624-B085-9DD35AAFC43A}.Release|Any CPU.Build.0 = Release|Any CPU
		{1C60A1AC-ACEA-4083-8648-5ABACD50FB6A}.Debug|Any CPU.ActiveCfg = Debug|Any CPU
		{1C60A1AC-ACEA-4083-8648-5ABACD50FB6A}.Debug|Any CPU.Build.0 = Debug|Any CPU
		{1C60A1AC-ACEA-4083-8648-5ABACD50FB6A}.Release|Any CPU.ActiveCfg = Release|Any CPU
		{1C60A1AC-ACEA-4083-8648-5ABACD50FB6A}.Release|Any CPU.Build.0 = Release|Any CPU
		{D296CCA2-8F0D-491E-9C49-E2517287847B}.Debug|Any CPU.ActiveCfg = Debug|Any CPU
		{D296CCA2-8F0D-491E-9C49-E2517287847B}.Debug|Any CPU.Build.0 = Debug|Any CPU
		{D296CCA2-8F0D-491E-9C49-E2517287847B}.Release|Any CPU.ActiveCfg = Release|Any CPU
		{D296CCA2-8F0D-491E-9C49-E2517287847B}.Release|Any CPU.Build.0 = Release|Any CPU
		{9241E1C9-5BF8-48D2-BA63-B3C324AC8DA5}.Debug|Any CPU.ActiveCfg = Debug|Any CPU
		{9241E1C9-5BF8-48D2-BA63-B3C324AC8DA5}.Debug|Any CPU.Build.0 = Debug|Any CPU
		{9241E1C9-5BF8-48D2-BA63-B3C324AC8DA5}.Release|Any CPU.ActiveCfg = Release|Any CPU
		{9241E1C9-5BF8-48D2-BA63-B3C324AC8DA5}.Release|Any CPU.Build.0 = Release|Any CPU
	EndGlobalSection
	GlobalSection(SolutionProperties) = preSolution
		HideSolutionNode = FALSE
	EndGlobalSection
EndGlobal
